
Microsoft Visual Studio Solution File, Format Version 12.00
# Visual Studio Version 17
VisualStudioVersion = 17.5.33424.131
MinimumVisualStudioVersion = 10.0.40219.1
Project("{9A19103F-16F7-4668-BE54-9A1E7A4F7556}") = "DataLibrary", "Thomas FOUQUEROLLE\DataLibrary.csproj", "{B50AF50C-0BBE-4A02-8397-09CE3088D412}"
EndProject
Project("{FAE04EC0-301F-11D3-BF4B-00C04F79EFBC}") = "Library", "DataJSON\Library.csproj", "{BF3AF18E-F17D-4A51-B8D6-C6C015140B75}"
EndProject
Global
	GlobalSection(SolutionConfigurationPlatforms) = preSolution
		Debug|Any CPU = Debug|Any CPU
		Release|Any CPU = Release|Any CPU
	EndGlobalSection
	GlobalSection(ProjectConfigurationPlatforms) = postSolution
		{B50AF50C-0BBE-4A02-8397-09CE3088D412}.Debug|Any CPU.ActiveCfg = Debug|Any CPU
		{B50AF50C-0BBE-4A02-8397-09CE3088D412}.Debug|Any CPU.Build.0 = Debug|Any CPU
		{B50AF50C-0BBE-4A02-8397-09CE3088D412}.Release|Any CPU.ActiveCfg = Release|Any CPU
		{B50AF50C-0BBE-4A02-8397-09CE3088D412}.Release|Any CPU.Build.0 = Release|Any CPU
		{BF3AF18E-F17D-4A51-B8D6-C6C015140B75}.Debug|Any CPU.ActiveCfg = Debug|Any CPU
		{BF3AF18E-F17D-4A51-B8D6-C6C015140B75}.Debug|Any CPU.Build.0 = Debug|Any CPU
		{BF3AF18E-F17D-4A51-B8D6-C6C015140B75}.Release|Any CPU.ActiveCfg = Release|Any CPU
		{BF3AF18E-F17D-4A51-B8D6-C6C015140B75}.Release|Any CPU.Build.0 = Release|Any CPU
	EndGlobalSection
	GlobalSection(SolutionProperties) = preSolution
		HideSolutionNode = FALSE
	EndGlobalSection
	GlobalSection(ExtensibilityGlobals) = postSolution
		SolutionGuid = {2BBDE329-4ADB-4C0B-B59C-48F59CCC8134}
	EndGlobalSection
EndGlobal
